
Microsoft Visual Studio Solution File, Format Version 12.00
# Visual Studio Version 17
VisualStudioVersion = 17.5.001.0
MinimumVisualStudioVersion = 10.0.40219.1
Project("{9A19103F-16F7-4668-BE54-9A1E7A4F7556}") = "relationships", "relationships.csproj", "{9D6B3148-6F4E-4034-9140-1D9F70D66EE2}"
EndProject
Global
	GlobalSection(SolutionConfigurationPlatforms) = preSolution
		Debug|Any CPU = Debug|Any CPU
		Release|Any CPU = Release|Any CPU
	EndGlobalSection
	GlobalSection(ProjectConfigurationPlatforms) = postSolution
		{9D6B3148-6F4E-4034-9140-1D9F70D66EE2}.Debug|Any CPU.ActiveCfg = Debug|Any CPU
		{9D6B3148-6F4E-4034-9140-1D9F70D66EE2}.Debug|Any CPU.Build.0 = Debug|Any CPU
		{9D6B3148-6F4E-4034-9140-1D9F70D66EE2}.Release|Any CPU.ActiveCfg = Release|Any CPU
		{9D6B3148-6F4E-4034-9140-1D9F70D66EE2}.Release|Any CPU.Build.0 = Release|Any CPU
	EndGlobalSection
	GlobalSection(SolutionProperties) = preSolution
		HideSolutionNode = FALSE
	EndGlobalSection
	GlobalSection(ExtensibilityGlobals) = postSolution
		SolutionGuid = {1F6F6CB6-8545-404C-9EE1-68AF5579A353}
	EndGlobalSection
EndGlobal
