
Microsoft Visual Studio Solution File, Format Version 12.00
# Visual Studio Version 17
VisualStudioVersion = 17.0.31903.59
MinimumVisualStudioVersion = 10.0.40219.1
Project("{FAE04EC0-301F-11D3-BF4B-00C04F79EFBC}") = "lesson4", "lesson4\lesson4.csproj", "{7512FACF-3A20-4086-BBBF-DC9F3A901EBB}"
EndProject
Project("{FAE04EC0-301F-11D3-BF4B-00C04F79EFBC}") = "leetcode", "leetcode\leetcode.csproj", "{A3966978-F681-4588-BF28-DDE11881BB9C}"
EndProject
Project("{FAE04EC0-301F-11D3-BF4B-00C04F79EFBC}") = "Taksi", "Taksi\Taksi.csproj", "{44299655-656C-4C5E-A3C4-4A1EDA904299}"
EndProject
Project("{FAE04EC0-301F-11D3-BF4B-00C04F79EFBC}") = "KichikShaxzoda", "KichikShaxzoda\KichikShaxzoda.csproj", "{004B2774-F734-4382-AAA3-A71C229EDCA3}"
EndProject
Project("{FAE04EC0-301F-11D3-BF4B-00C04F79EFBC}") = "lesson6", "lesson6\lesson6.csproj", "{287266AF-8A9E-4630-8841-27D92FCC9326}"
EndProject
Project("{FAE04EC0-301F-11D3-BF4B-00C04F79EFBC}") = "lesson7", "lesson7\lesson7.csproj", "{B2137B89-B3DC-4A4E-B272-E2F638250643}"
EndProject
Project("{FAE04EC0-301F-11D3-BF4B-00C04F79EFBC}") = "lesson8", "lesson8\lesson8.csproj", "{EF6323FA-F7BD-4A5D-84BC-55C1458D00B2}"
EndProject
Project("{FAE04EC0-301F-11D3-BF4B-00C04F79EFBC}") = "lesson17", "lesson17\lesson17.csproj", "{985E1EF8-4C7A-4D89-AA2C-8C6CD3192E4A}"
EndProject
Project("{FAE04EC0-301F-11D3-BF4B-00C04F79EFBC}") = "lesson18", "lesson18\lesson18.csproj", "{E6255238-A94D-41EF-9336-F02405055360}"
EndProject
Project("{FAE04EC0-301F-11D3-BF4B-00C04F79EFBC}") = "lesson19", "lesson19\lesson19.csproj", "{BD3B3D54-AFDC-4E3D-81A4-1DE438F0E96C}"
EndProject
Global
	GlobalSection(SolutionConfigurationPlatforms) = preSolution
		Debug|Any CPU = Debug|Any CPU
		Release|Any CPU = Release|Any CPU
	EndGlobalSection
	GlobalSection(SolutionProperties) = preSolution
		HideSolutionNode = FALSE
	EndGlobalSection
	GlobalSection(ProjectConfigurationPlatforms) = postSolution
		{7512FACF-3A20-4086-BBBF-DC9F3A901EBB}.Debug|Any CPU.ActiveCfg = Debug|Any CPU
		{7512FACF-3A20-4086-BBBF-DC9F3A901EBB}.Debug|Any CPU.Build.0 = Debug|Any CPU
		{7512FACF-3A20-4086-BBBF-DC9F3A901EBB}.Release|Any CPU.ActiveCfg = Release|Any CPU
		{7512FACF-3A20-4086-BBBF-DC9F3A901EBB}.Release|Any CPU.Build.0 = Release|Any CPU
		{A3966978-F681-4588-BF28-DDE11881BB9C}.Debug|Any CPU.ActiveCfg = Debug|Any CPU
		{A3966978-F681-4588-BF28-DDE11881BB9C}.Debug|Any CPU.Build.0 = Debug|Any CPU
		{A3966978-F681-4588-BF28-DDE11881BB9C}.Release|Any CPU.ActiveCfg = Release|Any CPU
		{A3966978-F681-4588-BF28-DDE11881BB9C}.Release|Any CPU.Build.0 = Release|Any CPU
		{44299655-656C-4C5E-A3C4-4A1EDA904299}.Debug|Any CPU.ActiveCfg = Debug|Any CPU
		{44299655-656C-4C5E-A3C4-4A1EDA904299}.Debug|Any CPU.Build.0 = Debug|Any CPU
		{44299655-656C-4C5E-A3C4-4A1EDA904299}.Release|Any CPU.ActiveCfg = Release|Any CPU
		{44299655-656C-4C5E-A3C4-4A1EDA904299}.Release|Any CPU.Build.0 = Release|Any CPU
		{004B2774-F734-4382-AAA3-A71C229EDCA3}.Debug|Any CPU.ActiveCfg = Debug|Any CPU
		{004B2774-F734-4382-AAA3-A71C229EDCA3}.Debug|Any CPU.Build.0 = Debug|Any CPU
		{004B2774-F734-4382-AAA3-A71C229EDCA3}.Release|Any CPU.ActiveCfg = Release|Any CPU
		{004B2774-F734-4382-AAA3-A71C229EDCA3}.Release|Any CPU.Build.0 = Release|Any CPU
		{287266AF-8A9E-4630-8841-27D92FCC9326}.Debug|Any CPU.ActiveCfg = Debug|Any CPU
		{287266AF-8A9E-4630-8841-27D92FCC9326}.Debug|Any CPU.Build.0 = Debug|Any CPU
		{287266AF-8A9E-4630-8841-27D92FCC9326}.Release|Any CPU.ActiveCfg = Release|Any CPU
		{287266AF-8A9E-4630-8841-27D92FCC9326}.Release|Any CPU.Build.0 = Release|Any CPU
		{B2137B89-B3DC-4A4E-B272-E2F638250643}.Debug|Any CPU.ActiveCfg = Debug|Any CPU
		{B2137B89-B3DC-4A4E-B272-E2F638250643}.Debug|Any CPU.Build.0 = Debug|Any CPU
		{B2137B89-B3DC-4A4E-B272-E2F638250643}.Release|Any CPU.ActiveCfg = Release|Any CPU
		{B2137B89-B3DC-4A4E-B272-E2F638250643}.Release|Any CPU.Build.0 = Release|Any CPU
		{EF6323FA-F7BD-4A5D-84BC-55C1458D00B2}.Debug|Any CPU.ActiveCfg = Debug|Any CPU
		{EF6323FA-F7BD-4A5D-84BC-55C1458D00B2}.Debug|Any CPU.Build.0 = Debug|Any CPU
		{EF6323FA-F7BD-4A5D-84BC-55C1458D00B2}.Release|Any CPU.ActiveCfg = Release|Any CPU
		{EF6323FA-F7BD-4A5D-84BC-55C1458D00B2}.Release|Any CPU.Build.0 = Release|Any CPU
		{985E1EF8-4C7A-4D89-AA2C-8C6CD3192E4A}.Debug|Any CPU.ActiveCfg = Debug|Any CPU
		{985E1EF8-4C7A-4D89-AA2C-8C6CD3192E4A}.Debug|Any CPU.Build.0 = Debug|Any CPU
		{985E1EF8-4C7A-4D89-AA2C-8C6CD3192E4A}.Release|Any CPU.ActiveCfg = Release|Any CPU
		{985E1EF8-4C7A-4D89-AA2C-8C6CD3192E4A}.Release|Any CPU.Build.0 = Release|Any CPU
		{E6255238-A94D-41EF-9336-F02405055360}.Debug|Any CPU.ActiveCfg = Debug|Any CPU
		{E6255238-A94D-41EF-9336-F02405055360}.Debug|Any CPU.Build.0 = Debug|Any CPU
		{E6255238-A94D-41EF-9336-F02405055360}.Release|Any CPU.ActiveCfg = Release|Any CPU
		{E6255238-A94D-41EF-9336-F02405055360}.Release|Any CPU.Build.0 = Release|Any CPU
		{BD3B3D54-AFDC-4E3D-81A4-1DE438F0E96C}.Debug|Any CPU.ActiveCfg = Debug|Any CPU
		{BD3B3D54-AFDC-4E3D-81A4-1DE438F0E96C}.Debug|Any CPU.Build.0 = Debug|Any CPU
		{BD3B3D54-AFDC-4E3D-81A4-1DE438F0E96C}.Release|Any CPU.ActiveCfg = Release|Any CPU
		{BD3B3D54-AFDC-4E3D-81A4-1DE438F0E96C}.Release|Any CPU.Build.0 = Release|Any CPU
	EndGlobalSection
EndGlobal
