
Microsoft Visual Studio Solution File, Format Version 12.00
# Visual Studio Version 17
VisualStudioVersion = 17.5.001.0
MinimumVisualStudioVersion = 10.0.40219.1
Project("{9A19103F-16F7-4668-BE54-9A1E7A4F7556}") = "weatherhosted", "weatherhosted.csproj", "{4FC85D53-1FD9-4E0B-ACF0-D46CAE40D13F}"
EndProject
Global
	GlobalSection(SolutionConfigurationPlatforms) = preSolution
		Debug|Any CPU = Debug|Any CPU
		Release|Any CPU = Release|Any CPU
	EndGlobalSection
	GlobalSection(ProjectConfigurationPlatforms) = postSolution
		{4FC85D53-1FD9-4E0B-ACF0-D46CAE40D13F}.Debug|Any CPU.ActiveCfg = Debug|Any CPU
		{4FC85D53-1FD9-4E0B-ACF0-D46CAE40D13F}.Debug|Any CPU.Build.0 = Debug|Any CPU
		{4FC85D53-1FD9-4E0B-ACF0-D46CAE40D13F}.Release|Any CPU.ActiveCfg = Release|Any CPU
		{4FC85D53-1FD9-4E0B-ACF0-D46CAE40D13F}.Release|Any CPU.Build.0 = Release|Any CPU
	EndGlobalSection
	GlobalSection(SolutionProperties) = preSolution
		HideSolutionNode = FALSE
	EndGlobalSection
	GlobalSection(ExtensibilityGlobals) = postSolution
		SolutionGuid = {6CF30313-0C5C-4344-B7C7-C4AB21D9D2E6}
	EndGlobalSection
EndGlobal
