
Microsoft Visual Studio Solution File, Format Version 12.00
# Visual Studio Version 17
VisualStudioVersion = 17.5.001.0
MinimumVisualStudioVersion = 10.0.40219.1
Project("{9A19103F-16F7-4668-BE54-9A1E7A4F7556}") = "lesson21", "lesson21.csproj", "{23B69521-269F-40F1-AF68-AD100D956890}"
EndProject
Global
	GlobalSection(SolutionConfigurationPlatforms) = preSolution
		Debug|Any CPU = Debug|Any CPU
		Release|Any CPU = Release|Any CPU
	EndGlobalSection
	GlobalSection(ProjectConfigurationPlatforms) = postSolution
		{23B69521-269F-40F1-AF68-AD100D956890}.Debug|Any CPU.ActiveCfg = Debug|Any CPU
		{23B69521-269F-40F1-AF68-AD100D956890}.Debug|Any CPU.Build.0 = Debug|Any CPU
		{23B69521-269F-40F1-AF68-AD100D956890}.Release|Any CPU.ActiveCfg = Release|Any CPU
		{23B69521-269F-40F1-AF68-AD100D956890}.Release|Any CPU.Build.0 = Release|Any CPU
	EndGlobalSection
	GlobalSection(SolutionProperties) = preSolution
		HideSolutionNode = FALSE
	EndGlobalSection
	GlobalSection(ExtensibilityGlobals) = postSolution
		SolutionGuid = {85709CD2-D658-444E-97BD-A8652F537AB5}
	EndGlobalSection
EndGlobal
