
Microsoft Visual Studio Solution File, Format Version 12.00
# Visual Studio Version 17
VisualStudioVersion = 17.5.001.0
MinimumVisualStudioVersion = 10.0.40219.1
Project("{9A19103F-16F7-4668-BE54-9A1E7A4F7556}") = "bot-intro", "bot-intro.csproj", "{A9AB0CEF-61DE-417F-98E0-AABB7653D6A5}"
EndProject
Global
	GlobalSection(SolutionConfigurationPlatforms) = preSolution
		Debug|Any CPU = Debug|Any CPU
		Release|Any CPU = Release|Any CPU
	EndGlobalSection
	GlobalSection(ProjectConfigurationPlatforms) = postSolution
		{A9AB0CEF-61DE-417F-98E0-AABB7653D6A5}.Debug|Any CPU.ActiveCfg = Debug|Any CPU
		{A9AB0CEF-61DE-417F-98E0-AABB7653D6A5}.Debug|Any CPU.Build.0 = Debug|Any CPU
		{A9AB0CEF-61DE-417F-98E0-AABB7653D6A5}.Release|Any CPU.ActiveCfg = Release|Any CPU
		{A9AB0CEF-61DE-417F-98E0-AABB7653D6A5}.Release|Any CPU.Build.0 = Release|Any CPU
	EndGlobalSection
	GlobalSection(SolutionProperties) = preSolution
		HideSolutionNode = FALSE
	EndGlobalSection
	GlobalSection(ExtensibilityGlobals) = postSolution
		SolutionGuid = {91FECB4F-918C-4273-91C8-99D9D5F302D2}
	EndGlobalSection
EndGlobal
