
Microsoft Visual Studio Solution File, Format Version 12.00
# Visual Studio Version 17
VisualStudioVersion = 17.5.001.0
MinimumVisualStudioVersion = 10.0.40219.1
Project("{9A19103F-16F7-4668-BE54-9A1E7A4F7556}") = "lesson18", "lesson18.csproj", "{D4B556FF-3F38-486F-BEF4-87AE3F05E79B}"
EndProject
Global
	GlobalSection(SolutionConfigurationPlatforms) = preSolution
		Debug|Any CPU = Debug|Any CPU
		Release|Any CPU = Release|Any CPU
	EndGlobalSection
	GlobalSection(ProjectConfigurationPlatforms) = postSolution
		{D4B556FF-3F38-486F-BEF4-87AE3F05E79B}.Debug|Any CPU.ActiveCfg = Debug|Any CPU
		{D4B556FF-3F38-486F-BEF4-87AE3F05E79B}.Debug|Any CPU.Build.0 = Debug|Any CPU
		{D4B556FF-3F38-486F-BEF4-87AE3F05E79B}.Release|Any CPU.ActiveCfg = Release|Any CPU
		{D4B556FF-3F38-486F-BEF4-87AE3F05E79B}.Release|Any CPU.Build.0 = Release|Any CPU
	EndGlobalSection
	GlobalSection(SolutionProperties) = preSolution
		HideSolutionNode = FALSE
	EndGlobalSection
	GlobalSection(ExtensibilityGlobals) = postSolution
		SolutionGuid = {6ACE6EF0-033C-4BEF-962B-6E75029EA239}
	EndGlobalSection
EndGlobal
