
Microsoft Visual Studio Solution File, Format Version 12.00
# Visual Studio Version 17
VisualStudioVersion = 17.5.001.0
MinimumVisualStudioVersion = 10.0.40219.1
Project("{9A19103F-16F7-4668-BE54-9A1E7A4F7556}") = "web", "web.csproj", "{EADCC9E3-EC52-4009-90A2-DBF3B994EA88}"
EndProject
Global
	GlobalSection(SolutionConfigurationPlatforms) = preSolution
		Debug|Any CPU = Debug|Any CPU
		Release|Any CPU = Release|Any CPU
	EndGlobalSection
	GlobalSection(ProjectConfigurationPlatforms) = postSolution
		{EADCC9E3-EC52-4009-90A2-DBF3B994EA88}.Debug|Any CPU.ActiveCfg = Debug|Any CPU
		{EADCC9E3-EC52-4009-90A2-DBF3B994EA88}.Debug|Any CPU.Build.0 = Debug|Any CPU
		{EADCC9E3-EC52-4009-90A2-DBF3B994EA88}.Release|Any CPU.ActiveCfg = Release|Any CPU
		{EADCC9E3-EC52-4009-90A2-DBF3B994EA88}.Release|Any CPU.Build.0 = Release|Any CPU
	EndGlobalSection
	GlobalSection(SolutionProperties) = preSolution
		HideSolutionNode = FALSE
	EndGlobalSection
	GlobalSection(ExtensibilityGlobals) = postSolution
		SolutionGuid = {2D79EEBE-0466-4BDF-B2E7-2C1949DEF4E0}
	EndGlobalSection
EndGlobal
